
Microsoft Visual Studio Solution File, Format Version 12.00
# Visual Studio Version 17
VisualStudioVersion = 17.9.34622.214
MinimumVisualStudioVersion = 10.0.40219.1
Project("{FAE04EC0-301F-11D3-BF4B-00C04F79EFBC}") = "Gestor_De_Tareas", "Gestor_De_Tareas.csproj", "{588496AB-3CB4-452B-B024-8130D800D775}"
EndProject
Global
	GlobalSection(SolutionConfigurationPlatforms) = preSolution
		Debug|Any CPU = Debug|Any CPU
		Release|Any CPU = Release|Any CPU
	EndGlobalSection
	GlobalSection(ProjectConfigurationPlatforms) = postSolution
		{588496AB-3CB4-452B-B024-8130D800D775}.Debug|Any CPU.ActiveCfg = Debug|Any CPU
		{588496AB-3CB4-452B-B024-8130D800D775}.Debug|Any CPU.Build.0 = Debug|Any CPU
		{588496AB-3CB4-452B-B024-8130D800D775}.Release|Any CPU.ActiveCfg = Release|Any CPU
		{588496AB-3CB4-452B-B024-8130D800D775}.Release|Any CPU.Build.0 = Release|Any CPU
	EndGlobalSection
	GlobalSection(SolutionProperties) = preSolution
		HideSolutionNode = FALSE
	EndGlobalSection
	GlobalSection(ExtensibilityGlobals) = postSolution
		SolutionGuid = {23DF1F86-2E32-4E34-AA1B-CEA4D6F97719}
	EndGlobalSection
EndGlobal
